{
  "name": "Specification",
  "lockfileVersion": 3,
  "requires": true,
  "packages": {
    "": {
      "dependencies": {
        "stimulus-store": "^0.0.3"
      }
    },
    "node_modules/stimulus-store": {
      "version": "0.0.3",
      "resolved": "https://registry.npmjs.org/stimulus-store/-/stimulus-store-0.0.3.tgz",
      "integrity": "sha512-SQGdf2BZpItO0g1jW1vwwA9ZRvlymoQJQe9r8pfTkZ+NsPgkXR5uO8y8Ue+tQDZa8DSAD3RZ1Io2YuDVnBygJQ==",
      "license": "MIT"
    }
  }
}
